
Microsoft Visual Studio Solution File, Format Version 12.00
# Visual Studio 14
VisualStudioVersion = 14.0.23107.0
MinimumVisualStudioVersion = 10.0.40219.1
Project("{FAE04EC0-301F-11D3-BF4B-00C04F79EFBC}") = "RentingSystem", "RentingSystem\RentingSystem.csproj", "{A441E621-7898-4C3F-9C32-849BC67C6610}"
EndProject
Project("{FAE04EC0-301F-11D3-BF4B-00C04F79EFBC}") = "RentTestUnit", "RentTestUnit\RentTestUnit.csproj", "{F77F5280-F00E-4830-A6C3-1649F23B878D}"
EndProject
Global
	GlobalSection(SolutionConfigurationPlatforms) = preSolution
		Debug|Any CPU = Debug|Any CPU
		Release|Any CPU = Release|Any CPU
	EndGlobalSection
	GlobalSection(ProjectConfigurationPlatforms) = postSolution
		{A441E621-7898-4C3F-9C32-849BC67C6610}.Debug|Any CPU.ActiveCfg = Debug|Any CPU
		{A441E621-7898-4C3F-9C32-849BC67C6610}.Debug|Any CPU.Build.0 = Debug|Any CPU
		{A441E621-7898-4C3F-9C32-849BC67C6610}.Release|Any CPU.ActiveCfg = Release|Any CPU
		{A441E621-7898-4C3F-9C32-849BC67C6610}.Release|Any CPU.Build.0 = Release|Any CPU
		{F77F5280-F00E-4830-A6C3-1649F23B878D}.Debug|Any CPU.ActiveCfg = Debug|Any CPU
		{F77F5280-F00E-4830-A6C3-1649F23B878D}.Debug|Any CPU.Build.0 = Debug|Any CPU
		{F77F5280-F00E-4830-A6C3-1649F23B878D}.Release|Any CPU.ActiveCfg = Release|Any CPU
		{F77F5280-F00E-4830-A6C3-1649F23B878D}.Release|Any CPU.Build.0 = Release|Any CPU
	EndGlobalSection
	GlobalSection(SolutionProperties) = preSolution
		HideSolutionNode = FALSE
	EndGlobalSection
EndGlobal
